
Microsoft Visual Studio Solution File, Format Version 12.00
# Visual Studio 15
VisualStudioVersion = 15.0.28307.705
MinimumVisualStudioVersion = 10.0.40219.1
Project("{FAE04EC0-301F-11D3-BF4B-00C04F79EFBC}") = "Shop_Gregoricchio", "Shop_Gregoricchio\Shop_Gregoricchio.csproj", "{BEE12911-2405-41F2-A6BD-171271EEC51E}"
EndProject
Global
	GlobalSection(SolutionConfigurationPlatforms) = preSolution
		Debug|Any CPU = Debug|Any CPU
		Release|Any CPU = Release|Any CPU
	EndGlobalSection
	GlobalSection(ProjectConfigurationPlatforms) = postSolution
		{BEE12911-2405-41F2-A6BD-171271EEC51E}.Debug|Any CPU.ActiveCfg = Debug|Any CPU
		{BEE12911-2405-41F2-A6BD-171271EEC51E}.Debug|Any CPU.Build.0 = Debug|Any CPU
		{BEE12911-2405-41F2-A6BD-171271EEC51E}.Release|Any CPU.ActiveCfg = Release|Any CPU
		{BEE12911-2405-41F2-A6BD-171271EEC51E}.Release|Any CPU.Build.0 = Release|Any CPU
	EndGlobalSection
	GlobalSection(SolutionProperties) = preSolution
		HideSolutionNode = FALSE
	EndGlobalSection
	GlobalSection(ExtensibilityGlobals) = postSolution
		SolutionGuid = {218088F6-4A5D-4F9B-9675-1A1DBCB36ED8}
	EndGlobalSection
EndGlobal
